
Microsoft Visual Studio Solution File, Format Version 12.00
# Visual Studio Version 16
VisualStudioVersion = 16.0.33529.622
MinimumVisualStudioVersion = 10.0.40219.1
Project("{FAE04EC0-301F-11D3-BF4B-00C04F79EFBC}") = "Drag and Drop File Picker", "Drag and Drop File Picker\Drag and Drop File Picker.csproj", "{38064CC2-5419-4A33-BF2C-49341852431A}"
EndProject
Project("{FAE04EC0-301F-11D3-BF4B-00C04F79EFBC}") = "Drag and Drop Process Queue", "Drag and Drop Process Queue\Drag and Drop Process Queue.csproj", "{AD59A7AB-5291-487F-A599-D936BDCB0FF8}"
EndProject
Project("{FAE04EC0-301F-11D3-BF4B-00C04F79EFBC}") = "Simple Chess Timer", "Simple Chess Timer\Simple Chess Timer.csproj", "{BF8E3099-EA10-4B07-B0A9-6AB4F96D4517}"
EndProject
Project("{FAE04EC0-301F-11D3-BF4B-00C04F79EFBC}") = "Simple App", "Simple App\Simple App.csproj", "{67EE7DED-450F-4319-810B-2A27C6FBBF83}"
EndProject
Project("{FAE04EC0-301F-11D3-BF4B-00C04F79EFBC}") = "UWP_ImageGrid", "UWP_ImageGrid\UWP_ImageGrid.csproj", "{BAA62C51-4027-4F89-A187-3BA8EA4157C4}"
EndProject
Project("{FAE04EC0-301F-11D3-BF4B-00C04F79EFBC}") = "UWP_SettingsFile", "UWP_SettingsFile\UWP_SettingsFile.csproj", "{62BC5D5A-B1B8-4DC9-9988-1DBEBDFB736D}"
EndProject
Project("{FAE04EC0-301F-11D3-BF4B-00C04F79EFBC}") = "UWP_SaveImage_LocalFolder", "UWP_SaveImage_LocalFolder\UWP_SaveImage_LocalFolder.csproj", "{77B2B077-CEDF-491E-A720-40A24656FBB0}"
EndProject
Project("{C7167F0D-BC9F-4E6E-AFE1-012C56B48DB5}") = "AppPackager_Sample_msix", "AppPackager_Sample_msix\AppPackager_Sample_msix.wapproj", "{2F43F728-5FF8-4ACA-9E68-DA0C333078B5}"
EndProject
Global
	GlobalSection(SolutionConfigurationPlatforms) = preSolution
		Debug|Any CPU = Debug|Any CPU
		Debug|ARM = Debug|ARM
		Debug|ARM64 = Debug|ARM64
		Debug|x64 = Debug|x64
		Debug|x86 = Debug|x86
		Release|Any CPU = Release|Any CPU
		Release|ARM = Release|ARM
		Release|ARM64 = Release|ARM64
		Release|x64 = Release|x64
		Release|x86 = Release|x86
	EndGlobalSection
	GlobalSection(ProjectConfigurationPlatforms) = postSolution
		{38064CC2-5419-4A33-BF2C-49341852431A}.Debug|Any CPU.ActiveCfg = Debug|Any CPU
		{38064CC2-5419-4A33-BF2C-49341852431A}.Debug|Any CPU.Build.0 = Debug|Any CPU
		{38064CC2-5419-4A33-BF2C-49341852431A}.Debug|ARM.ActiveCfg = Debug|Any CPU
		{38064CC2-5419-4A33-BF2C-49341852431A}.Debug|ARM.Build.0 = Debug|Any CPU
		{38064CC2-5419-4A33-BF2C-49341852431A}.Debug|ARM64.ActiveCfg = Debug|Any CPU
		{38064CC2-5419-4A33-BF2C-49341852431A}.Debug|ARM64.Build.0 = Debug|Any CPU
		{38064CC2-5419-4A33-BF2C-49341852431A}.Debug|x64.ActiveCfg = Debug|Any CPU
		{38064CC2-5419-4A33-BF2C-49341852431A}.Debug|x64.Build.0 = Debug|Any CPU
		{38064CC2-5419-4A33-BF2C-49341852431A}.Debug|x86.ActiveCfg = Debug|Any CPU
		{38064CC2-5419-4A33-BF2C-49341852431A}.Debug|x86.Build.0 = Debug|Any CPU
		{38064CC2-5419-4A33-BF2C-49341852431A}.Release|Any CPU.ActiveCfg = Release|Any CPU
		{38064CC2-5419-4A33-BF2C-49341852431A}.Release|Any CPU.Build.0 = Release|Any CPU
		{38064CC2-5419-4A33-BF2C-49341852431A}.Release|ARM.ActiveCfg = Release|Any CPU
		{38064CC2-5419-4A33-BF2C-49341852431A}.Release|ARM.Build.0 = Release|Any CPU
		{38064CC2-5419-4A33-BF2C-49341852431A}.Release|ARM64.ActiveCfg = Release|Any CPU
		{38064CC2-5419-4A33-BF2C-49341852431A}.Release|x64.ActiveCfg = Release|Any CPU
		{38064CC2-5419-4A33-BF2C-49341852431A}.Release|x86.ActiveCfg = Release|Any CPU
		{38064CC2-5419-4A33-BF2C-49341852431A}.Release|x86.Build.0 = Release|Any CPU
		{AD59A7AB-5291-487F-A599-D936BDCB0FF8}.Debug|Any CPU.ActiveCfg = Debug|Any CPU
		{AD59A7AB-5291-487F-A599-D936BDCB0FF8}.Debug|Any CPU.Build.0 = Debug|Any CPU
		{AD59A7AB-5291-487F-A599-D936BDCB0FF8}.Debug|ARM.ActiveCfg = Debug|Any CPU
		{AD59A7AB-5291-487F-A599-D936BDCB0FF8}.Debug|ARM.Build.0 = Debug|Any CPU
		{AD59A7AB-5291-487F-A599-D936BDCB0FF8}.Debug|ARM64.ActiveCfg = Debug|Any CPU
		{AD59A7AB-5291-487F-A599-D936BDCB0FF8}.Debug|ARM64.Build.0 = Debug|Any CPU
		{AD59A7AB-5291-487F-A599-D936BDCB0FF8}.Debug|x64.ActiveCfg = Debug|Any CPU
		{AD59A7AB-5291-487F-A599-D936BDCB0FF8}.Debug|x64.Build.0 = Debug|Any CPU
		{AD59A7AB-5291-487F-A599-D936BDCB0FF8}.Debug|x86.ActiveCfg = Debug|Any CPU
		{AD59A7AB-5291-487F-A599-D936BDCB0FF8}.Debug|x86.Build.0 = Debug|Any CPU
		{AD59A7AB-5291-487F-A599-D936BDCB0FF8}.Release|Any CPU.ActiveCfg = Release|Any CPU
		{AD59A7AB-5291-487F-A599-D936BDCB0FF8}.Release|Any CPU.Build.0 = Release|Any CPU
		{AD59A7AB-5291-487F-A599-D936BDCB0FF8}.Release|ARM.ActiveCfg = Release|Any CPU
		{AD59A7AB-5291-487F-A599-D936BDCB0FF8}.Release|ARM.Build.0 = Release|Any CPU
		{AD59A7AB-5291-487F-A599-D936BDCB0FF8}.Release|ARM64.ActiveCfg = Release|Any CPU
		{AD59A7AB-5291-487F-A599-D936BDCB0FF8}.Release|x64.ActiveCfg = Release|Any CPU
		{AD59A7AB-5291-487F-A599-D936BDCB0FF8}.Release|x86.ActiveCfg = Release|Any CPU
		{AD59A7AB-5291-487F-A599-D936BDCB0FF8}.Release|x86.Build.0 = Release|Any CPU
		{BF8E3099-EA10-4B07-B0A9-6AB4F96D4517}.Debug|Any CPU.ActiveCfg = Debug|Any CPU
		{BF8E3099-EA10-4B07-B0A9-6AB4F96D4517}.Debug|Any CPU.Build.0 = Debug|Any CPU
		{BF8E3099-EA10-4B07-B0A9-6AB4F96D4517}.Debug|ARM.ActiveCfg = Debug|Any CPU
		{BF8E3099-EA10-4B07-B0A9-6AB4F96D4517}.Debug|ARM.Build.0 = Debug|Any CPU
		{BF8E3099-EA10-4B07-B0A9-6AB4F96D4517}.Debug|ARM64.ActiveCfg = Debug|Any CPU
		{BF8E3099-EA10-4B07-B0A9-6AB4F96D4517}.Debug|ARM64.Build.0 = Debug|Any CPU
		{BF8E3099-EA10-4B07-B0A9-6AB4F96D4517}.Debug|x64.ActiveCfg = Debug|Any CPU
		{BF8E3099-EA10-4B07-B0A9-6AB4F96D4517}.Debug|x64.Build.0 = Debug|Any CPU
		{BF8E3099-EA10-4B07-B0A9-6AB4F96D4517}.Debug|x86.ActiveCfg = Debug|Any CPU
		{BF8E3099-EA10-4B07-B0A9-6AB4F96D4517}.Debug|x86.Build.0 = Debug|Any CPU
		{BF8E3099-EA10-4B07-B0A9-6AB4F96D4517}.Release|Any CPU.ActiveCfg = Release|Any CPU
		{BF8E3099-EA10-4B07-B0A9-6AB4F96D4517}.Release|Any CPU.Build.0 = Release|Any CPU
		{BF8E3099-EA10-4B07-B0A9-6AB4F96D4517}.Release|ARM.ActiveCfg = Release|Any CPU
		{BF8E3099-EA10-4B07-B0A9-6AB4F96D4517}.Release|ARM.Build.0 = Release|Any CPU
		{BF8E3099-EA10-4B07-B0A9-6AB4F96D4517}.Release|ARM64.ActiveCfg = Release|Any CPU
		{BF8E3099-EA10-4B07-B0A9-6AB4F96D4517}.Release|x64.ActiveCfg = Release|Any CPU
		{BF8E3099-EA10-4B07-B0A9-6AB4F96D4517}.Release|x86.ActiveCfg = Release|Any CPU
		{BF8E3099-EA10-4B07-B0A9-6AB4F96D4517}.Release|x86.Build.0 = Release|Any CPU
		{67EE7DED-450F-4319-810B-2A27C6FBBF83}.Debug|Any CPU.ActiveCfg = Debug|x64
		{67EE7DED-450F-4319-810B-2A27C6FBBF83}.Debug|Any CPU.Build.0 = Debug|x64
		{67EE7DED-450F-4319-810B-2A27C6FBBF83}.Debug|ARM.ActiveCfg = Debug|ARM
		{67EE7DED-450F-4319-810B-2A27C6FBBF83}.Debug|ARM.Build.0 = Debug|ARM
		{67EE7DED-450F-4319-810B-2A27C6FBBF83}.Debug|ARM.Deploy.0 = Debug|ARM
		{67EE7DED-450F-4319-810B-2A27C6FBBF83}.Debug|ARM64.ActiveCfg = Debug|ARM64
		{67EE7DED-450F-4319-810B-2A27C6FBBF83}.Debug|ARM64.Build.0 = Debug|ARM64
		{67EE7DED-450F-4319-810B-2A27C6FBBF83}.Debug|ARM64.Deploy.0 = Debug|ARM64
		{67EE7DED-450F-4319-810B-2A27C6FBBF83}.Debug|x64.ActiveCfg = Debug|x64
		{67EE7DED-450F-4319-810B-2A27C6FBBF83}.Debug|x64.Build.0 = Debug|x64
		{67EE7DED-450F-4319-810B-2A27C6FBBF83}.Debug|x64.Deploy.0 = Debug|x64
		{67EE7DED-450F-4319-810B-2A27C6FBBF83}.Debug|x86.ActiveCfg = Debug|x86
		{67EE7DED-450F-4319-810B-2A27C6FBBF83}.Debug|x86.Build.0 = Debug|x86
		{67EE7DED-450F-4319-810B-2A27C6FBBF83}.Debug|x86.Deploy.0 = Debug|x86
		{67EE7DED-450F-4319-810B-2A27C6FBBF83}.Release|Any CPU.ActiveCfg = Release|x64
		{67EE7DED-450F-4319-810B-2A27C6FBBF83}.Release|Any CPU.Build.0 = Release|x64
		{67EE7DED-450F-4319-810B-2A27C6FBBF83}.Release|Any CPU.Deploy.0 = Release|x64
		{67EE7DED-450F-4319-810B-2A27C6FBBF83}.Release|ARM.ActiveCfg = Release|ARM
		{67EE7DED-450F-4319-810B-2A27C6FBBF83}.Release|ARM.Build.0 = Release|ARM
		{67EE7DED-450F-4319-810B-2A27C6FBBF83}.Release|ARM.Deploy.0 = Release|ARM
		{67EE7DED-450F-4319-810B-2A27C6FBBF83}.Release|ARM64.ActiveCfg = Release|ARM64
		{67EE7DED-450F-4319-810B-2A27C6FBBF83}.Release|x64.ActiveCfg = Release|x64
		{67EE7DED-450F-4319-810B-2A27C6FBBF83}.Release|x86.ActiveCfg = Release|x86
		{67EE7DED-450F-4319-810B-2A27C6FBBF83}.Release|x86.Build.0 = Release|x86
		{67EE7DED-450F-4319-810B-2A27C6FBBF83}.Release|x86.Deploy.0 = Release|x86
		{BAA62C51-4027-4F89-A187-3BA8EA4157C4}.Debug|Any CPU.ActiveCfg = Debug|x86
		{BAA62C51-4027-4F89-A187-3BA8EA4157C4}.Debug|Any CPU.Build.0 = Debug|x86
		{BAA62C51-4027-4F89-A187-3BA8EA4157C4}.Debug|ARM.ActiveCfg = Debug|ARM
		{BAA62C51-4027-4F89-A187-3BA8EA4157C4}.Debug|ARM.Build.0 = Debug|ARM
		{BAA62C51-4027-4F89-A187-3BA8EA4157C4}.Debug|ARM.Deploy.0 = Debug|ARM
		{BAA62C51-4027-4F89-A187-3BA8EA4157C4}.Debug|ARM64.ActiveCfg = Debug|ARM64
		{BAA62C51-4027-4F89-A187-3BA8EA4157C4}.Debug|ARM64.Build.0 = Debug|ARM64
		{BAA62C51-4027-4F89-A187-3BA8EA4157C4}.Debug|ARM64.Deploy.0 = Debug|ARM64
		{BAA62C51-4027-4F89-A187-3BA8EA4157C4}.Debug|x64.ActiveCfg = Debug|x64
		{BAA62C51-4027-4F89-A187-3BA8EA4157C4}.Debug|x64.Build.0 = Debug|x64
		{BAA62C51-4027-4F89-A187-3BA8EA4157C4}.Debug|x64.Deploy.0 = Debug|x64
		{BAA62C51-4027-4F89-A187-3BA8EA4157C4}.Debug|x86.ActiveCfg = Debug|x86
		{BAA62C51-4027-4F89-A187-3BA8EA4157C4}.Debug|x86.Build.0 = Debug|x86
		{BAA62C51-4027-4F89-A187-3BA8EA4157C4}.Debug|x86.Deploy.0 = Debug|x86
		{BAA62C51-4027-4F89-A187-3BA8EA4157C4}.Release|Any CPU.ActiveCfg = Release|x86
		{BAA62C51-4027-4F89-A187-3BA8EA4157C4}.Release|ARM.ActiveCfg = Release|ARM
		{BAA62C51-4027-4F89-A187-3BA8EA4157C4}.Release|ARM.Build.0 = Release|ARM
		{BAA62C51-4027-4F89-A187-3BA8EA4157C4}.Release|ARM.Deploy.0 = Release|ARM
		{BAA62C51-4027-4F89-A187-3BA8EA4157C4}.Release|ARM64.ActiveCfg = Release|ARM64
		{BAA62C51-4027-4F89-A187-3BA8EA4157C4}.Release|x64.ActiveCfg = Release|x64
		{BAA62C51-4027-4F89-A187-3BA8EA4157C4}.Release|x86.ActiveCfg = Release|x86
		{BAA62C51-4027-4F89-A187-3BA8EA4157C4}.Release|x86.Build.0 = Release|x86
		{BAA62C51-4027-4F89-A187-3BA8EA4157C4}.Release|x86.Deploy.0 = Release|x86
		{62BC5D5A-B1B8-4DC9-9988-1DBEBDFB736D}.Debug|Any CPU.ActiveCfg = Debug|x86
		{62BC5D5A-B1B8-4DC9-9988-1DBEBDFB736D}.Debug|Any CPU.Build.0 = Debug|x86
		{62BC5D5A-B1B8-4DC9-9988-1DBEBDFB736D}.Debug|ARM.ActiveCfg = Debug|ARM
		{62BC5D5A-B1B8-4DC9-9988-1DBEBDFB736D}.Debug|ARM.Build.0 = Debug|ARM
		{62BC5D5A-B1B8-4DC9-9988-1DBEBDFB736D}.Debug|ARM.Deploy.0 = Debug|ARM
		{62BC5D5A-B1B8-4DC9-9988-1DBEBDFB736D}.Debug|ARM64.ActiveCfg = Debug|ARM64
		{62BC5D5A-B1B8-4DC9-9988-1DBEBDFB736D}.Debug|ARM64.Build.0 = Debug|ARM64
		{62BC5D5A-B1B8-4DC9-9988-1DBEBDFB736D}.Debug|ARM64.Deploy.0 = Debug|ARM64
		{62BC5D5A-B1B8-4DC9-9988-1DBEBDFB736D}.Debug|x64.ActiveCfg = Debug|x64
		{62BC5D5A-B1B8-4DC9-9988-1DBEBDFB736D}.Debug|x64.Build.0 = Debug|x64
		{62BC5D5A-B1B8-4DC9-9988-1DBEBDFB736D}.Debug|x64.Deploy.0 = Debug|x64
		{62BC5D5A-B1B8-4DC9-9988-1DBEBDFB736D}.Debug|x86.ActiveCfg = Debug|x86
		{62BC5D5A-B1B8-4DC9-9988-1DBEBDFB736D}.Debug|x86.Build.0 = Debug|x86
		{62BC5D5A-B1B8-4DC9-9988-1DBEBDFB736D}.Debug|x86.Deploy.0 = Debug|x86
		{62BC5D5A-B1B8-4DC9-9988-1DBEBDFB736D}.Release|Any CPU.ActiveCfg = Release|x86
		{62BC5D5A-B1B8-4DC9-9988-1DBEBDFB736D}.Release|ARM.ActiveCfg = Release|ARM
		{62BC5D5A-B1B8-4DC9-9988-1DBEBDFB736D}.Release|ARM.Build.0 = Release|ARM
		{62BC5D5A-B1B8-4DC9-9988-1DBEBDFB736D}.Release|ARM.Deploy.0 = Release|ARM
		{62BC5D5A-B1B8-4DC9-9988-1DBEBDFB736D}.Release|ARM64.ActiveCfg = Release|ARM64
		{62BC5D5A-B1B8-4DC9-9988-1DBEBDFB736D}.Release|x64.ActiveCfg = Release|x64
		{62BC5D5A-B1B8-4DC9-9988-1DBEBDFB736D}.Release|x86.ActiveCfg = Release|x86
		{62BC5D5A-B1B8-4DC9-9988-1DBEBDFB736D}.Release|x86.Build.0 = Release|x86
		{62BC5D5A-B1B8-4DC9-9988-1DBEBDFB736D}.Release|x86.Deploy.0 = Release|x86
		{77B2B077-CEDF-491E-A720-40A24656FBB0}.Debug|Any CPU.ActiveCfg = Debug|x64
		{77B2B077-CEDF-491E-A720-40A24656FBB0}.Debug|Any CPU.Build.0 = Debug|x64
		{77B2B077-CEDF-491E-A720-40A24656FBB0}.Debug|Any CPU.Deploy.0 = Debug|x64
		{77B2B077-CEDF-491E-A720-40A24656FBB0}.Debug|ARM.ActiveCfg = Debug|ARM
		{77B2B077-CEDF-491E-A720-40A24656FBB0}.Debug|ARM.Build.0 = Debug|ARM
		{77B2B077-CEDF-491E-A720-40A24656FBB0}.Debug|ARM.Deploy.0 = Debug|ARM
		{77B2B077-CEDF-491E-A720-40A24656FBB0}.Debug|ARM64.ActiveCfg = Debug|ARM64
		{77B2B077-CEDF-491E-A720-40A24656FBB0}.Debug|ARM64.Build.0 = Debug|ARM64
		{77B2B077-CEDF-491E-A720-40A24656FBB0}.Debug|ARM64.Deploy.0 = Debug|ARM64
		{77B2B077-CEDF-491E-A720-40A24656FBB0}.Debug|x64.ActiveCfg = Debug|x64
		{77B2B077-CEDF-491E-A720-40A24656FBB0}.Debug|x64.Build.0 = Debug|x64
		{77B2B077-CEDF-491E-A720-40A24656FBB0}.Debug|x64.Deploy.0 = Debug|x64
		{77B2B077-CEDF-491E-A720-40A24656FBB0}.Debug|x86.ActiveCfg = Debug|x86
		{77B2B077-CEDF-491E-A720-40A24656FBB0}.Debug|x86.Build.0 = Debug|x86
		{77B2B077-CEDF-491E-A720-40A24656FBB0}.Debug|x86.Deploy.0 = Debug|x86
		{77B2B077-CEDF-491E-A720-40A24656FBB0}.Release|Any CPU.ActiveCfg = Release|x86
		{77B2B077-CEDF-491E-A720-40A24656FBB0}.Release|ARM.ActiveCfg = Release|ARM
		{77B2B077-CEDF-491E-A720-40A24656FBB0}.Release|ARM.Build.0 = Release|ARM
		{77B2B077-CEDF-491E-A720-40A24656FBB0}.Release|ARM.Deploy.0 = Release|ARM
		{77B2B077-CEDF-491E-A720-40A24656FBB0}.Release|ARM64.ActiveCfg = Release|ARM64
		{77B2B077-CEDF-491E-A720-40A24656FBB0}.Release|ARM64.Build.0 = Release|ARM64
		{77B2B077-CEDF-491E-A720-40A24656FBB0}.Release|ARM64.Deploy.0 = Release|ARM64
		{77B2B077-CEDF-491E-A720-40A24656FBB0}.Release|x64.ActiveCfg = Release|x64
		{77B2B077-CEDF-491E-A720-40A24656FBB0}.Release|x64.Build.0 = Release|x64
		{77B2B077-CEDF-491E-A720-40A24656FBB0}.Release|x64.Deploy.0 = Release|x64
		{77B2B077-CEDF-491E-A720-40A24656FBB0}.Release|x86.ActiveCfg = Release|x86
		{77B2B077-CEDF-491E-A720-40A24656FBB0}.Release|x86.Build.0 = Release|x86
		{77B2B077-CEDF-491E-A720-40A24656FBB0}.Release|x86.Deploy.0 = Release|x86
		{2F43F728-5FF8-4ACA-9E68-DA0C333078B5}.Debug|Any CPU.ActiveCfg = Debug|x64
		{2F43F728-5FF8-4ACA-9E68-DA0C333078B5}.Debug|Any CPU.Build.0 = Debug|x64
		{2F43F728-5FF8-4ACA-9E68-DA0C333078B5}.Debug|Any CPU.Deploy.0 = Debug|x64
		{2F43F728-5FF8-4ACA-9E68-DA0C333078B5}.Debug|ARM.ActiveCfg = Debug|ARM
		{2F43F728-5FF8-4ACA-9E68-DA0C333078B5}.Debug|ARM.Build.0 = Debug|ARM
		{2F43F728-5FF8-4ACA-9E68-DA0C333078B5}.Debug|ARM.Deploy.0 = Debug|ARM
		{2F43F728-5FF8-4ACA-9E68-DA0C333078B5}.Debug|ARM64.ActiveCfg = Debug|ARM64
		{2F43F728-5FF8-4ACA-9E68-DA0C333078B5}.Debug|ARM64.Build.0 = Debug|ARM64
		{2F43F728-5FF8-4ACA-9E68-DA0C333078B5}.Debug|ARM64.Deploy.0 = Debug|ARM64
		{2F43F728-5FF8-4ACA-9E68-DA0C333078B5}.Debug|x64.ActiveCfg = Debug|x64
		{2F43F728-5FF8-4ACA-9E68-DA0C333078B5}.Debug|x64.Build.0 = Debug|x64
		{2F43F728-5FF8-4ACA-9E68-DA0C333078B5}.Debug|x64.Deploy.0 = Debug|x64
		{2F43F728-5FF8-4ACA-9E68-DA0C333078B5}.Debug|x86.ActiveCfg = Debug|x86
		{2F43F728-5FF8-4ACA-9E68-DA0C333078B5}.Debug|x86.Build.0 = Debug|x86
		{2F43F728-5FF8-4ACA-9E68-DA0C333078B5}.Debug|x86.Deploy.0 = Debug|x86
		{2F43F728-5FF8-4ACA-9E68-DA0C333078B5}.Release|Any CPU.ActiveCfg = Release|Any CPU
		{2F43F728-5FF8-4ACA-9E68-DA0C333078B5}.Release|Any CPU.Build.0 = Release|Any CPU
		{2F43F728-5FF8-4ACA-9E68-DA0C333078B5}.Release|Any CPU.Deploy.0 = Release|Any CPU
		{2F43F728-5FF8-4ACA-9E68-DA0C333078B5}.Release|ARM.ActiveCfg = Release|ARM
		{2F43F728-5FF8-4ACA-9E68-DA0C333078B5}.Release|ARM.Build.0 = Release|ARM
		{2F43F728-5FF8-4ACA-9E68-DA0C333078B5}.Release|ARM.Deploy.0 = Release|ARM
		{2F43F728-5FF8-4ACA-9E68-DA0C333078B5}.Release|ARM64.ActiveCfg = Release|ARM64
		{2F43F728-5FF8-4ACA-9E68-DA0C333078B5}.Release|ARM64.Build.0 = Release|ARM64
		{2F43F728-5FF8-4ACA-9E68-DA0C333078B5}.Release|ARM64.Deploy.0 = Release|ARM64
		{2F43F728-5FF8-4ACA-9E68-DA0C333078B5}.Release|x64.ActiveCfg = Release|x64
		{2F43F728-5FF8-4ACA-9E68-DA0C333078B5}.Release|x64.Build.0 = Release|x64
		{2F43F728-5FF8-4ACA-9E68-DA0C333078B5}.Release|x64.Deploy.0 = Release|x64
		{2F43F728-5FF8-4ACA-9E68-DA0C333078B5}.Release|x86.ActiveCfg = Release|x86
		{2F43F728-5FF8-4ACA-9E68-DA0C333078B5}.Release|x86.Build.0 = Release|x86
		{2F43F728-5FF8-4ACA-9E68-DA0C333078B5}.Release|x86.Deploy.0 = Release|x86
	EndGlobalSection
	GlobalSection(SolutionProperties) = preSolution
		HideSolutionNode = FALSE
	EndGlobalSection
	GlobalSection(ExtensibilityGlobals) = postSolution
		SolutionGuid = {17BE2E76-10D4-4B18-BFF6-A682F5AE7E1A}
	EndGlobalSection
EndGlobal
